# THIS IS AN AUTOGENERATED FILE. DO NOT EDIT THIS FILE DIRECTLY.
# yarn lockfile v1


"@calcit/procs@^0.6.5":
  version "0.6.5"
  resolved "https://registry.yarnpkg.com/@calcit/procs/-/procs-0.6.5.tgz#586f4b3d3507a9a4a62fae754605bc20205ce372"
  integrity sha512-YMn4WNQAtTz+V6D0nbpsEOgU4zLliaVWB8auAw+jMC68psoxUSmSSV7WftxDMK+wxmxBp2tdHdz6Dg+yYwWofQ==
  dependencies:
    "@calcit/ternary-tree" "0.0.19"
    "@cirru/parser.ts" "^0.0.6"
    "@cirru/writer.ts" "^0.1.3"

"@calcit/std@^0.0.2":
  version "0.0.2"
  resolved "https://registry.yarnpkg.com/@calcit/std/-/std-0.0.2.tgz#8692ca6bd847b68b7365a75c5df124af82ab9192"
  integrity sha512-s976zyxZ2zk4BVKu9DXur0L5FC60AWSsrnu6Aw1YuaxjEpEakk02g/WOWwwRsYYKfgKeRcWvEFKkTWoSjrFH+w==

"@calcit/ternary-tree@0.0.19":
  version "0.0.19"
  resolved "https://registry.yarnpkg.com/@calcit/ternary-tree/-/ternary-tree-0.0.19.tgz#b5b33a3d07a9e603feeef7cd642958c83628122f"
  integrity sha512-dn2kNlcOQOPtCAeE68MHcRgrZzRP+jNKBmDW2wO0S8HTUA2SeAbpzZoK0HfcTHFmlGl6yKpjZ95rICQ319AjcA==

"@cirru/parser.ts@^0.0.6":
  version "0.0.6"
  resolved "https://registry.yarnpkg.com/@cirru/parser.ts/-/parser.ts-0.0.6.tgz#b95a84e02273fcbd71ff100925782b6f86410234"
  integrity sha512-qpDNPq+IuuwYjQFI+wzpd3ntbF7lwJs90v1XWyLQbL9Ru4ld4aHxVGwW/9F/QOu5mEGCMXtagCoYDf0HtOpDZg==

"@cirru/writer.ts@^0.1.3":
  version "0.1.3"
  resolved "https://registry.yarnpkg.com/@cirru/writer.ts/-/writer.ts-0.1.3.tgz#5f54bdecaa20ba3dab16cbe6da711854138a9c0a"
  integrity sha512-vJnhmhm7we5UfQIwmZfQpF3bAFbVybzT6LbmkbQHxgijaQg3gPfNVsnSIa3g3KpmWVtvkzEx+nUy5aMwsJiV1A==

"@esbuild/android-arm@0.15.9":
  version "0.15.9"
  resolved "https://registry.yarnpkg.com/@esbuild/android-arm/-/android-arm-0.15.9.tgz#7e1221604ab88ed5021ead74fa8cca4405e1e431"
  integrity sha512-VZPy/ETF3fBG5PiinIkA0W/tlsvlEgJccyN2DzWZEl0DlVKRbu91PvY2D6Lxgluj4w9QtYHjOWjAT44C+oQ+EQ==

"@esbuild/linux-loong64@0.15.9":
  version "0.15.9"
  resolved "https://registry.yarnpkg.com/@esbuild/linux-loong64/-/linux-loong64-0.15.9.tgz#b658a97babf1f40783354af7039b84c3fdfc3fc3"
  integrity sha512-O+NfmkfRrb3uSsTa4jE3WApidSe3N5++fyOVGP1SmMZi4A3BZELkhUUvj5hwmMuNdlpzAZ8iAPz2vmcR7DCFQA==

"@quamolit/touch-control@^0.0.11":
  version "0.0.11"
  resolved "https://registry.yarnpkg.com/@quamolit/touch-control/-/touch-control-0.0.11.tgz#f6d01a7ecac385d5f4955118b6d630958d660070"
  integrity sha512-v1ygM4gLeRkidbSil99dpdUcOjOR9EaWH448HEaQIwIWYYB4a58hCT0hSlGknPJRQxp8ZbjDo8T+LpZhCf8vfQ==

bottom-tip@^0.1.3:
  version "0.1.3"
  resolved "https://registry.yarnpkg.com/bottom-tip/-/bottom-tip-0.1.3.tgz#ad3a4bcc8c3d5b5c6dac68fd3d140bf18efc50f8"
  integrity sha512-MJHQcCd9ni0IAOcMMdyT9kzt5hoQw1Gy6Uqee21wCuTMzbZ+L7calDYDp0lKdPSSZoAw0u2emjJBGVv1cwEphQ==
  dependencies:
    virtual-dom "^2.1.1"

browser-split@0.0.1:
  version "0.0.1"
  resolved "https://registry.yarnpkg.com/browser-split/-/browser-split-0.0.1.tgz#7b097574f8e3ead606fb4664e64adfdda2981a93"
  integrity sha512-JhvgRb2ihQhsljNda3BI8/UcRHVzrVwo3Q+P8vDtSiyobXuFpuZ9mq+MbRGMnC22CjW3RrfXdg6j6ITX8M+7Ow==

camelize@^1.0.0:
  version "1.0.0"
  resolved "https://registry.yarnpkg.com/camelize/-/camelize-1.0.0.tgz#164a5483e630fa4321e5af07020e531831b2609b"
  integrity sha512-W2lPwkBkMZwFlPCXhIlYgxu+7gC/NUlCtdK652DAJ1JdgV0sTrvuPFshNPrFa1TY2JOkLhgdeEBplB4ezEa+xg==

dom-walk@^0.1.0:
  version "0.1.2"
  resolved "https://registry.yarnpkg.com/dom-walk/-/dom-walk-0.1.2.tgz#0c548bef048f4d1f2a97249002236060daa3fd84"
  integrity sha512-6QvTW9mrGeIegrFXdtQi9pk7O/nSK6lSdXW2eqUspN5LWD7UTji2Fqw5V2YLjBpHEoU9Xl/eUWNpDeZvoyOv2w==

error@^4.3.0:
  version "4.4.0"
  resolved "https://registry.yarnpkg.com/error/-/error-4.4.0.tgz#bf69ff251fb4a279c19adccdaa6b61e90d9bf12a"
  integrity sha512-SNDKualLUtT4StGFP7xNfuFybL2f6iJujFtrWuvJqGbVQGaN+adE23veqzPz1hjUjTunLi2EnJ+0SJxtbJreKw==
  dependencies:
    camelize "^1.0.0"
    string-template "~0.2.0"
    xtend "~4.0.0"

esbuild-android-64@0.15.9:
  version "0.15.9"
  resolved "https://registry.yarnpkg.com/esbuild-android-64/-/esbuild-android-64-0.15.9.tgz#4a7eb320ca8d3a305f14792061fd9614ccebb7c0"
  integrity sha512-HQCX7FJn9T4kxZQkhPjNZC7tBWZqJvhlLHPU2SFzrQB/7nDXjmTIFpFTjt7Bd1uFpeXmuwf5h5fZm+x/hLnhbw==

esbuild-android-arm64@0.15.9:
  version "0.15.9"
  resolved "https://registry.yarnpkg.com/esbuild-android-arm64/-/esbuild-android-arm64-0.15.9.tgz#c948e5686df20857ad361ec67e070d40d7cab985"
  integrity sha512-E6zbLfqbFVCNEKircSHnPiSTsm3fCRxeIMPfrkS33tFjIAoXtwegQfVZqMGR0FlsvVxp2NEDOUz+WW48COCjSg==

esbuild-darwin-64@0.15.9:
  version "0.15.9"
  resolved "https://registry.yarnpkg.com/esbuild-darwin-64/-/esbuild-darwin-64-0.15.9.tgz#25f564fa4b39c1cec84dc46bce5634fdbce1d5e4"
  integrity sha512-gI7dClcDN/HHVacZhTmGjl0/TWZcGuKJ0I7/xDGJwRQQn7aafZGtvagOFNmuOq+OBFPhlPv1T6JElOXb0unkSQ==

esbuild-darwin-arm64@0.15.9:
  version "0.15.9"
  resolved "https://registry.yarnpkg.com/esbuild-darwin-arm64/-/esbuild-darwin-arm64-0.15.9.tgz#60faea3ed95d15239536aa88d06bb82b29278a86"
  integrity sha512-VZIMlcRN29yg/sv7DsDwN+OeufCcoTNaTl3Vnav7dL/nvsApD7uvhVRbgyMzv0zU/PP0xRhhIpTyc7lxEzHGSw==

esbuild-freebsd-64@0.15.9:
  version "0.15.9"
  resolved "https://registry.yarnpkg.com/esbuild-freebsd-64/-/esbuild-freebsd-64-0.15.9.tgz#0339ef1c90a919175e7816788224517896657a0e"
  integrity sha512-uM4z5bTvuAXqPxrI204txhlsPIolQPWRMLenvGuCPZTnnGlCMF2QLs0Plcm26gcskhxewYo9LkkmYSS5Czrb5A==

esbuild-freebsd-arm64@0.15.9:
  version "0.15.9"
  resolved "https://registry.yarnpkg.com/esbuild-freebsd-arm64/-/esbuild-freebsd-arm64-0.15.9.tgz#32abfc0be3ae3dd38e5a86a9beadbbcf592f1b57"
  integrity sha512-HHDjT3O5gWzicGdgJ5yokZVN9K9KG05SnERwl9nBYZaCjcCgj/sX8Ps1jvoFSfNCO04JSsHSOWo4qvxFuj8FoA==

esbuild-linux-32@0.15.9:
  version "0.15.9"
  resolved "https://registry.yarnpkg.com/esbuild-linux-32/-/esbuild-linux-32-0.15.9.tgz#93581348a4da7ed2b29bc5539f2605ad7fcee77b"
  integrity sha512-AQIdE8FugGt1DkcekKi5ycI46QZpGJ/wqcMr7w6YUmOmp2ohQ8eO4sKUsOxNOvYL7hGEVwkndSyszR6HpVHLFg==

esbuild-linux-64@0.15.9:
  version "0.15.9"
  resolved "https://registry.yarnpkg.com/esbuild-linux-64/-/esbuild-linux-64-0.15.9.tgz#0d171e7946c95d0d3ed4826026af2c5632d7dcc4"
  integrity sha512-4RXjae7g6Qs7StZyiYyXTZXBlfODhb1aBVAjd+ANuPmMhWthQilWo7rFHwJwL7DQu1Fjej2sODAVwLbcIVsAYQ==

esbuild-linux-arm64@0.15.9:
  version "0.15.9"
  resolved "https://registry.yarnpkg.com/esbuild-linux-arm64/-/esbuild-linux-arm64-0.15.9.tgz#9838795a3720cbe736d3bc20621bd366eac22f24"
  integrity sha512-a+bTtxJmYmk9d+s2W4/R1SYKDDAldOKmWjWP0BnrWtDbvUBNOm++du0ysPju4mZVoEFgS1yLNW+VXnG/4FNwdQ==

esbuild-linux-arm@0.15.9:
  version "0.15.9"
  resolved "https://registry.yarnpkg.com/esbuild-linux-arm/-/esbuild-linux-arm-0.15.9.tgz#dce96cd817bc7376f6af3967649c4ab1f2f79506"
  integrity sha512-3Zf2GVGUOI7XwChH3qrnTOSqfV1V4CAc/7zLVm4lO6JT6wbJrTgEYCCiNSzziSju+J9Jhf9YGWk/26quWPC6yQ==

esbuild-linux-mips64le@0.15.9:
  version "0.15.9"
  resolved "https://registry.yarnpkg.com/esbuild-linux-mips64le/-/esbuild-linux-mips64le-0.15.9.tgz#0335a0739e61aa97cb9b4a018e3facfcca9cdcfd"
  integrity sha512-Zn9HSylDp89y+TRREMDoGrc3Z4Hs5u56ozZLQCiZAUx2+HdbbXbWdjmw3FdTJ/i7t5Cew6/Q+6kfO3KCcFGlyw==

esbuild-linux-ppc64le@0.15.9:
  version "0.15.9"
  resolved "https://registry.yarnpkg.com/esbuild-linux-ppc64le/-/esbuild-linux-ppc64le-0.15.9.tgz#18482afb95b8a705e2da0a59d7131bff221281f9"
  integrity sha512-OEiOxNAMH9ENFYqRsWUj3CWyN3V8P3ZXyfNAtX5rlCEC/ERXrCEFCJji/1F6POzsXAzxvUJrTSTCy7G6BhA6Fw==

esbuild-linux-riscv64@0.15.9:
  version "0.15.9"
  resolved "https://registry.yarnpkg.com/esbuild-linux-riscv64/-/esbuild-linux-riscv64-0.15.9.tgz#03b6f9708272c117006b9ce1c9ae8aab91b5a5b6"
  integrity sha512-ukm4KsC3QRausEFjzTsOZ/qqazw0YvJsKmfoZZm9QW27OHjk2XKSQGGvx8gIEswft/Sadp03/VZvAaqv5AIwNA==

esbuild-linux-s390x@0.15.9:
  version "0.15.9"
  resolved "https://registry.yarnpkg.com/esbuild-linux-s390x/-/esbuild-linux-s390x-0.15.9.tgz#65fb645623d575780f155f0ee52935e62f9cca4f"
  integrity sha512-uDOQEH55wQ6ahcIKzQr3VyjGc6Po/xblLGLoUk3fVL1qjlZAibtQr6XRfy5wPJLu/M2o0vQKLq4lyJ2r1tWKcw==

esbuild-netbsd-64@0.15.9:
  version "0.15.9"
  resolved "https://registry.yarnpkg.com/esbuild-netbsd-64/-/esbuild-netbsd-64-0.15.9.tgz#7894297bb9e11f3d2f6f31efecd1be4e181f0d54"
  integrity sha512-yWgxaYTQz+TqX80wXRq6xAtb7GSBAp6gqLKfOdANg9qEmAI1Bxn04IrQr0Mzm4AhxvGKoHzjHjMgXbCCSSDxcw==

esbuild-openbsd-64@0.15.9:
  version "0.15.9"
  resolved "https://registry.yarnpkg.com/esbuild-openbsd-64/-/esbuild-openbsd-64-0.15.9.tgz#0f9d4c6b6772ae50d491d68ad4cc028300dda7c0"
  integrity sha512-JmS18acQl4iSAjrEha1MfEmUMN4FcnnrtTaJ7Qg0tDCOcgpPPQRLGsZqhes0vmx8VA6IqRyScqXvaL7+Q0Uf3A==

esbuild-sunos-64@0.15.9:
  version "0.15.9"
  resolved "https://registry.yarnpkg.com/esbuild-sunos-64/-/esbuild-sunos-64-0.15.9.tgz#c32b7ce574b08f814de810ce7c1e34b843768126"
  integrity sha512-UKynGSWpzkPmXW3D2UMOD9BZPIuRaSqphxSCwScfEE05Be3KAmvjsBhht1fLzKpiFVJb0BYMd4jEbWMyJ/z1hQ==

esbuild-windows-32@0.15.9:
  version "0.15.9"
  resolved "https://registry.yarnpkg.com/esbuild-windows-32/-/esbuild-windows-32-0.15.9.tgz#37a8f7cfccdb2177cd46613a1a1e1fcb419d36df"
  integrity sha512-aqXvu4/W9XyTVqO/hw3rNxKE1TcZiEYHPsXM9LwYmKSX9/hjvfIJzXwQBlPcJ/QOxedfoMVH0YnhhQ9Ffb0RGA==

esbuild-windows-64@0.15.9:
  version "0.15.9"
  resolved "https://registry.yarnpkg.com/esbuild-windows-64/-/esbuild-windows-64-0.15.9.tgz#5fe1e76fc13dd7f520febecaea110b6f1649c7b2"
  integrity sha512-zm7h91WUmlS4idMtjvCrEeNhlH7+TNOmqw5dJPJZrgFaxoFyqYG6CKDpdFCQXdyKpD5yvzaQBOMVTCBVKGZDEg==

esbuild-windows-arm64@0.15.9:
  version "0.15.9"
  resolved "https://registry.yarnpkg.com/esbuild-windows-arm64/-/esbuild-windows-arm64-0.15.9.tgz#98504428f7ba7d2cfc11940be68ee1139173fdce"
  integrity sha512-yQEVIv27oauAtvtuhJVfSNMztJJX47ismRS6Sv2QMVV9RM+6xjbMWuuwM2nxr5A2/gj/mu2z9YlQxiwoFRCfZA==

esbuild@^0.15.6:
  version "0.15.9"
  resolved "https://registry.yarnpkg.com/esbuild/-/esbuild-0.15.9.tgz#33fb18b67b85004b6f7616bec955ca4b3e58935d"
  integrity sha512-OnYr1rkMVxtmMHIAKZLMcEUlJmqcbxBz9QoBU8G9v455na0fuzlT/GLu6l+SRghrk0Mm2fSSciMmzV43Q8e0Gg==
  optionalDependencies:
    "@esbuild/android-arm" "0.15.9"
    "@esbuild/linux-loong64" "0.15.9"
    esbuild-android-64 "0.15.9"
    esbuild-android-arm64 "0.15.9"
    esbuild-darwin-64 "0.15.9"
    esbuild-darwin-arm64 "0.15.9"
    esbuild-freebsd-64 "0.15.9"
    esbuild-freebsd-arm64 "0.15.9"
    esbuild-linux-32 "0.15.9"
    esbuild-linux-64 "0.15.9"
    esbuild-linux-arm "0.15.9"
    esbuild-linux-arm64 "0.15.9"
    esbuild-linux-mips64le "0.15.9"
    esbuild-linux-ppc64le "0.15.9"
    esbuild-linux-riscv64 "0.15.9"
    esbuild-linux-s390x "0.15.9"
    esbuild-netbsd-64 "0.15.9"
    esbuild-openbsd-64 "0.15.9"
    esbuild-sunos-64 "0.15.9"
    esbuild-windows-32 "0.15.9"
    esbuild-windows-64 "0.15.9"
    esbuild-windows-arm64 "0.15.9"

ev-store@^7.0.0:
  version "7.0.0"
  resolved "https://registry.yarnpkg.com/ev-store/-/ev-store-7.0.0.tgz#1ab0c7f82136505dd74b31d17701cb2be6d26558"
  integrity sha512-otazchNRnGzp2YarBJ+GXKVGvhxVATB1zmaStxJBYet0Dyq7A9VhH8IUEB/gRcL6Ch52lfpgPTRJ2m49epyMsQ==
  dependencies:
    individual "^3.0.0"

fsevents@~2.3.2:
  version "2.3.2"
  resolved "https://registry.yarnpkg.com/fsevents/-/fsevents-2.3.2.tgz#8a526f78b8fdf4623b709e0b975c52c24c02fd1a"
  integrity sha512-xiqMQR4xAeHTuB9uWm+fFRcIOgKBMiOBP+eXiyT7jsgVCq1bkVygt00oASowB7EdtpOHaaPgKt812P9ab+DDKA==

function-bind@^1.1.1:
  version "1.1.1"
  resolved "https://registry.yarnpkg.com/function-bind/-/function-bind-1.1.1.tgz#a56899d3ea3c9bab874bb9773b7c5ede92f4895d"
  integrity sha512-yIovAzMX49sF8Yl58fSCWJ5svSLuaibPxXQJFLmBObTuCr0Mf1KiPopGM9NiFjiYBCbfaa2Fh6breQ6ANVTI0A==

global@^4.3.0:
  version "4.4.0"
  resolved "https://registry.yarnpkg.com/global/-/global-4.4.0.tgz#3e7b105179006a323ed71aafca3e9c57a5cc6406"
  integrity sha512-wv/LAoHdRE3BeTGz53FAamhGlPLhlssK45usmGFThIi4XqnBmjKQ16u+RNbP7WvigRZDxUsM0J3gcQ5yicaL0w==
  dependencies:
    min-document "^2.19.0"
    process "^0.11.10"

has@^1.0.3:
  version "1.0.3"
  resolved "https://registry.yarnpkg.com/has/-/has-1.0.3.tgz#722d7cbfc1f6aa8241f16dd814e011e1f41e8796"
  integrity sha512-f2dvO0VU6Oej7RkWJGrehjbzMAjFp5/VKPp5tTpWIV4JHHZK1/BxbFRtf/siA2SWTe09caDmVtYYzWEIbBS4zw==
  dependencies:
    function-bind "^1.1.1"

individual@^3.0.0:
  version "3.0.0"
  resolved "https://registry.yarnpkg.com/individual/-/individual-3.0.0.tgz#e7ca4f85f8957b018734f285750dc22ec2f9862d"
  integrity sha512-rUY5vtT748NMRbEMrTNiFfy29BgGZwGXUi2NFUVMWQrogSLzlJvQV9eeMWi+g1aVaQ53tpyLAQtd5x/JH0Nh1g==

is-core-module@^2.9.0:
  version "2.10.0"
  resolved "https://registry.yarnpkg.com/is-core-module/-/is-core-module-2.10.0.tgz#9012ede0a91c69587e647514e1d5277019e728ed"
  integrity sha512-Erxj2n/LDAZ7H8WNJXd9tw38GYM3dv8rk8Zcs+jJuxYTW7sozH+SS8NtrSjVL1/vpLvWi1hxy96IzjJ3EHTJJg==
  dependencies:
    has "^1.0.3"

is-object@^1.0.1:
  version "1.0.2"
  resolved "https://registry.yarnpkg.com/is-object/-/is-object-1.0.2.tgz#a56552e1c665c9e950b4a025461da87e72f86fcf"
  integrity sha512-2rRIahhZr2UWb45fIOuvZGpFtz0TyOZLf32KxBbSoUCeZR495zCKlWUKKUByk3geS2eAs7ZAABt0Y/Rx0GiQGA==

min-document@^2.19.0:
  version "2.19.0"
  resolved "https://registry.yarnpkg.com/min-document/-/min-document-2.19.0.tgz#7bd282e3f5842ed295bb748cdd9f1ffa2c824685"
  integrity sha512-9Wy1B3m3f66bPPmU5hdA4DR4PB2OfDU/+GS3yAB7IQozE3tqXaVv2zOjgla7MEGSRv95+ILmOuvhLkOK6wJtCQ==
  dependencies:
    dom-walk "^0.1.0"

mobile-detect@^1.4.5:
  version "1.4.5"
  resolved "https://registry.yarnpkg.com/mobile-detect/-/mobile-detect-1.4.5.tgz#da393c3c413ca1a9bcdd9ced653c38281c0fb6ad"
  integrity sha512-yc0LhH6tItlvfLBugVUEtgawwFU2sIe+cSdmRJJCTMZ5GEJyLxNyC/NIOAOGk67Fa8GNpOttO3Xz/1bHpXFD/g==

nanoid@^3.3.4:
  version "3.3.4"
  resolved "https://registry.yarnpkg.com/nanoid/-/nanoid-3.3.4.tgz#730b67e3cd09e2deacf03c027c81c9d9dbc5e8ab"
  integrity sha512-MqBkQh/OHTS2egovRtLk45wEyNXwF+cokD+1YPf9u5VfJiRdAiRwB2froX5Co9Rh20xs4siNPm8naNotSD6RBw==

next-tick@^0.2.2:
  version "0.2.2"
  resolved "https://registry.yarnpkg.com/next-tick/-/next-tick-0.2.2.tgz#75da4a927ee5887e39065880065b7336413b310d"
  integrity sha512-f7h4svPtl+QidoBv4taKXUjJ70G2asaZ8G28nS0OkqaalX8dwwrtWtyxEDPK62AC00ur/+/E0pUwBwY5EPn15Q==

path-parse@^1.0.7:
  version "1.0.7"
  resolved "https://registry.yarnpkg.com/path-parse/-/path-parse-1.0.7.tgz#fbc114b60ca42b30d9daf5858e4bd68bbedb6735"
  integrity sha512-LDJzPVEEEPR+y48z93A0Ed0yXb8pAByGWo/k5YYdYgpY2/2EsOsksJrq7lOHxryrVOn1ejG6oAp8ahvOIQD8sw==

picocolors@^1.0.0:
  version "1.0.0"
  resolved "https://registry.yarnpkg.com/picocolors/-/picocolors-1.0.0.tgz#cb5bdc74ff3f51892236eaf79d68bc44564ab81c"
  integrity sha512-1fygroTLlHu66zi26VoTDv8yRgm0Fccecssto+MhsZ0D/DGW2sm8E8AjW7NU5VVTRt5GxbeZ5qBuJr+HyLYkjQ==

postcss@^8.4.16:
  version "8.4.16"
  resolved "https://registry.yarnpkg.com/postcss/-/postcss-8.4.16.tgz#33a1d675fac39941f5f445db0de4db2b6e01d43c"
  integrity sha512-ipHE1XBvKzm5xI7hiHCZJCSugxvsdq2mPnsq5+UF+VHCjiBvtDrlxJfMBToWaP9D5XlgNmcFGqoHmUn0EYEaRQ==
  dependencies:
    nanoid "^3.3.4"
    picocolors "^1.0.0"
    source-map-js "^1.0.2"

process@^0.11.10:
  version "0.11.10"
  resolved "https://registry.yarnpkg.com/process/-/process-0.11.10.tgz#7332300e840161bda3e69a1d1d91a7d4bc16f182"
  integrity sha512-cdGef/drWFoydD1JsMzuFf8100nZl+GT+yacc2bEced5f9Rjk4z+WtFUTBu9PhOi9j/jfmBPu0mMEY4wIdAF8A==

resolve@^1.22.1:
  version "1.22.1"
  resolved "https://registry.yarnpkg.com/resolve/-/resolve-1.22.1.tgz#27cb2ebb53f91abb49470a928bba7558066ac177"
  integrity sha512-nBpuuYuY5jFsli/JIs1oldw6fOQCBioohqWZg/2hiaOybXOft4lonv85uDOKXdf8rhyK159cxU5cDcK/NKk8zw==
  dependencies:
    is-core-module "^2.9.0"
    path-parse "^1.0.7"
    supports-preserve-symlinks-flag "^1.0.0"

rollup@~2.78.0:
  version "2.78.1"
  resolved "https://registry.yarnpkg.com/rollup/-/rollup-2.78.1.tgz#52fe3934d9c83cb4f7c4cb5fb75d88591be8648f"
  integrity sha512-VeeCgtGi4P+o9hIg+xz4qQpRl6R401LWEXBmxYKOV4zlF82lyhgh2hTZnheFUbANE8l2A41F458iwj2vEYaXJg==
  optionalDependencies:
    fsevents "~2.3.2"

source-map-js@^1.0.2:
  version "1.0.2"
  resolved "https://registry.yarnpkg.com/source-map-js/-/source-map-js-1.0.2.tgz#adbc361d9c62df380125e7f161f71c826f1e490c"
  integrity sha512-R0XvVJ9WusLiqTCEiGCmICCMplcCkIwwR11mOSD9CR5u+IXYdiseeEuXCVAjS54zqwkLcPNnmU4OeJ6tUrWhDw==

string-template@~0.2.0:
  version "0.2.1"
  resolved "https://registry.yarnpkg.com/string-template/-/string-template-0.2.1.tgz#42932e598a352d01fc22ec3367d9d84eec6c9add"
  integrity sha512-Yptehjogou2xm4UJbxJ4CxgZx12HBfeystp0y3x7s4Dj32ltVVG1Gg8YhKjHZkHicuKpZX/ffilA8505VbUbpw==

supports-preserve-symlinks-flag@^1.0.0:
  version "1.0.0"
  resolved "https://registry.yarnpkg.com/supports-preserve-symlinks-flag/-/supports-preserve-symlinks-flag-1.0.0.tgz#6eda4bd344a3c94aea376d4cc31bc77311039e09"
  integrity sha512-ot0WnXS9fgdkgIcePe6RHNk1WA8+muPa6cSjeR3V8K27q9BB1rTE3R1p7Hv0z1ZyAc8s6Vvv8DIyWf681MAt0w==

twgl.js@^5.0.1:
  version "5.0.1"
  resolved "https://registry.yarnpkg.com/twgl.js/-/twgl.js-5.0.1.tgz#f74fa9c452257d0e8f552ddd0f701ddb9fd4731c"
  integrity sha512-jmraRke9UCX9WEOa+tEKz4SsBbOIhdDneCFYy63+OrB5Wod8sPgTNZFymhRer85RdZPcxVyzmD6X03iOKqFN5w==

virtual-dom@^2.1.1:
  version "2.1.1"
  resolved "https://registry.yarnpkg.com/virtual-dom/-/virtual-dom-2.1.1.tgz#80eda2d481b9ede0c049118cefcb4a05f21d1375"
  integrity sha512-wb6Qc9Lbqug0kRqo/iuApfBpJJAq14Sk1faAnSmtqXiwahg7PVTvWMs9L02Z8nNIMqbwsxzBAA90bbtRLbw0zg==
  dependencies:
    browser-split "0.0.1"
    error "^4.3.0"
    ev-store "^7.0.0"
    global "^4.3.0"
    is-object "^1.0.1"
    next-tick "^0.2.2"
    x-is-array "0.1.0"
    x-is-string "0.1.0"

vite@^3.1.3:
  version "3.1.3"
  resolved "https://registry.yarnpkg.com/vite/-/vite-3.1.3.tgz#b2a0821c11aae124bb7618f8036913c689afcc59"
  integrity sha512-/3XWiktaopByM5bd8dqvHxRt5EEgRikevnnrpND0gRfNkrMrPaGGexhtLCzv15RcCMtV2CLw+BPas8YFeSG0KA==
  dependencies:
    esbuild "^0.15.6"
    postcss "^8.4.16"
    resolve "^1.22.1"
    rollup "~2.78.0"
  optionalDependencies:
    fsevents "~2.3.2"

x-is-array@0.1.0:
  version "0.1.0"
  resolved "https://registry.yarnpkg.com/x-is-array/-/x-is-array-0.1.0.tgz#de520171d47b3f416f5587d629b89d26b12dc29d"
  integrity sha512-goHPif61oNrr0jJgsXRfc8oqtYzvfiMJpTqwE7Z4y9uH+T3UozkGqQ4d2nX9mB9khvA8U2o/UbPOFjgC7hLWIA==

x-is-string@0.1.0:
  version "0.1.0"
  resolved "https://registry.yarnpkg.com/x-is-string/-/x-is-string-0.1.0.tgz#474b50865af3a49a9c4657f05acd145458f77d82"
  integrity sha512-GojqklwG8gpzOVEVki5KudKNoq7MbbjYZCbyWzEz7tyPA7eleiE0+ePwOWQQRb5fm86rD3S8Tc0tSFf3AOv50w==

xtend@~4.0.0:
  version "4.0.2"
  resolved "https://registry.yarnpkg.com/xtend/-/xtend-4.0.2.tgz#bb72779f5fa465186b1f438f674fa347fdb5db54"
  integrity sha512-LKYU1iAXJXUgAXn9URjiu+MWhyUXHsvfp7mcuYm9dSUKK0/CjtrUwFAxD82/mCWbtLsGjFIad0wIsod4zrTAEQ==
